
Microsoft Visual Studio Solution File, Format Version 12.00
# Visual Studio Version 17
VisualStudioVersion = 17.5.33502.453
MinimumVisualStudioVersion = 10.0.40219.1
Project("{FAE04EC0-301F-11D3-BF4B-00C04F79EFBC}") = "TheToyEmporium", "TheToyEmporium\TheToyEmporium.csproj", "{03990F0D-9B32-4B46-93D6-F72E9EB0D6CE}"
EndProject
Global
	GlobalSection(SolutionConfigurationPlatforms) = preSolution
		Debug|Any CPU = Debug|Any CPU
		Release|Any CPU = Release|Any CPU
	EndGlobalSection
	GlobalSection(ProjectConfigurationPlatforms) = postSolution
		{03990F0D-9B32-4B46-93D6-F72E9EB0D6CE}.Debug|Any CPU.ActiveCfg = Debug|Any CPU
		{03990F0D-9B32-4B46-93D6-F72E9EB0D6CE}.Debug|Any CPU.Build.0 = Debug|Any CPU
		{03990F0D-9B32-4B46-93D6-F72E9EB0D6CE}.Release|Any CPU.ActiveCfg = Release|Any CPU
		{03990F0D-9B32-4B46-93D6-F72E9EB0D6CE}.Release|Any CPU.Build.0 = Release|Any CPU
	EndGlobalSection
	GlobalSection(SolutionProperties) = preSolution
		HideSolutionNode = FALSE
	EndGlobalSection
	GlobalSection(ExtensibilityGlobals) = postSolution
		SolutionGuid = {A4CBD385-C829-4A9F-BE57-0D9FAC0A5B53}
	EndGlobalSection
EndGlobal
